
Microsoft Visual Studio Solution File, Format Version 12.00
# Visual Studio Version 17
VisualStudioVersion = 17.14.37710.0 d17.14
MinimumVisualStudioVersion = 10.0.40219.1
Project("{FAE04EC0-301F-11D3-BF4B-00C04F79EFBC}") = "project1", "project1.csproj", "{00A24B96-D7D7-4BFD-9F16-BCE04381E3E3}"
EndProject
Global
	GlobalSection(SolutionConfigurationPlatforms) = preSolution
		Debug|Any CPU = Debug|Any CPU
		Release|Any CPU = Release|Any CPU
	EndGlobalSection
	GlobalSection(ProjectConfigurationPlatforms) = postSolution
		{00A24B96-D7D7-4BFD-9F16-BCE04381E3E3}.Debug|Any CPU.ActiveCfg = Debug|Any CPU
		{00A24B96-D7D7-4BFD-9F16-BCE04381E3E3}.Debug|Any CPU.Build.0 = Debug|Any CPU
		{00A24B96-D7D7-4BFD-9F16-BCE04381E3E3}.Release|Any CPU.ActiveCfg = Release|Any CPU
		{00A24B96-D7D7-4BFD-9F16-BCE04381E3E3}.Release|Any CPU.Build.0 = Release|Any CPU
	EndGlobalSection
	GlobalSection(SolutionProperties) = preSolution
		HideSolutionNode = FALSE
	EndGlobalSection
	GlobalSection(ExtensibilityGlobals) = postSolution
		SolutionGuid = {09388DDA-7E84-4AB7-A806-85F6600C4048}
	EndGlobalSection
EndGlobal
